
Microsoft Visual Studio Solution File, Format Version 12.00
# Visual Studio 15
VisualStudioVersion = 15.0.27703.1
MinimumVisualStudioVersion = 10.0.40219.1
Project("{FAE04EC0-301F-11D3-BF4B-00C04F79EFBC}") = "EFWebAPI", "EFWebAPI\EFWebAPI.csproj", "{D9DA5A7C-03E8-4930-A035-B9228EBE3C3B}"
EndProject
Project("{FAE04EC0-301F-11D3-BF4B-00C04F79EFBC}") = "EFWebAPI.Tests", "EFWebAPI.Tests\EFWebAPI.Tests.csproj", "{F5886719-1E9B-41EC-B2BA-BA91808D140C}"
EndProject
Global
	GlobalSection(SolutionConfigurationPlatforms) = preSolution
		Debug|Any CPU = Debug|Any CPU
		Release|Any CPU = Release|Any CPU
	EndGlobalSection
	GlobalSection(ProjectConfigurationPlatforms) = postSolution
		{D9DA5A7C-03E8-4930-A035-B9228EBE3C3B}.Debug|Any CPU.ActiveCfg = Debug|Any CPU
		{D9DA5A7C-03E8-4930-A035-B9228EBE3C3B}.Debug|Any CPU.Build.0 = Debug|Any CPU
		{D9DA5A7C-03E8-4930-A035-B9228EBE3C3B}.Release|Any CPU.ActiveCfg = Release|Any CPU
		{D9DA5A7C-03E8-4930-A035-B9228EBE3C3B}.Release|Any CPU.Build.0 = Release|Any CPU
		{F5886719-1E9B-41EC-B2BA-BA91808D140C}.Debug|Any CPU.ActiveCfg = Debug|Any CPU
		{F5886719-1E9B-41EC-B2BA-BA91808D140C}.Debug|Any CPU.Build.0 = Debug|Any CPU
		{F5886719-1E9B-41EC-B2BA-BA91808D140C}.Release|Any CPU.ActiveCfg = Release|Any CPU
		{F5886719-1E9B-41EC-B2BA-BA91808D140C}.Release|Any CPU.Build.0 = Release|Any CPU
	EndGlobalSection
	GlobalSection(SolutionProperties) = preSolution
		HideSolutionNode = FALSE
	EndGlobalSection
	GlobalSection(ExtensibilityGlobals) = postSolution
		SolutionGuid = {670A9C09-A37A-4040-8F72-EBA007E4ABD7}
	EndGlobalSection
EndGlobal
